
Microsoft Visual Studio Solution File, Format Version 12.00
# Visual Studio Version 17
VisualStudioVersion = 17.11.35222.181
MinimumVisualStudioVersion = 10.0.40219.1
Project("{2150E333-8FDC-42A3-9474-1A3956D46DE8}") = "Src", "Src", "{FB07F076-AEA9-44F5-99B6-D86F925F2C32}"
EndProject
Project("{2150E333-8FDC-42A3-9474-1A3956D46DE8}") = "Tests", "Tests", "{03F22C67-E7DF-47DB-8F90-2369494F1855}"
EndProject
Project("{FAE04EC0-301F-11D3-BF4B-00C04F79EFBC}") = "OverlappingIntervals", "OverlappingIntervals\OverlappingIntervals.csproj", "{1E0E3673-5903-4C07-AD46-AFE8F6308B23}"
EndProject
Project("{FAE04EC0-301F-11D3-BF4B-00C04F79EFBC}") = "OverlappingIntervals.Tests", "OverlappingIntervals.Tests\OverlappingIntervals.Tests.csproj", "{90A46229-E1AB-470E-A3AE-E81F0A230A71}"
EndProject
Global
	GlobalSection(SolutionConfigurationPlatforms) = preSolution
		Debug|Any CPU = Debug|Any CPU
		Release|Any CPU = Release|Any CPU
	EndGlobalSection
	GlobalSection(ProjectConfigurationPlatforms) = postSolution
		{1E0E3673-5903-4C07-AD46-AFE8F6308B23}.Debug|Any CPU.ActiveCfg = Debug|Any CPU
		{1E0E3673-5903-4C07-AD46-AFE8F6308B23}.Debug|Any CPU.Build.0 = Debug|Any CPU
		{1E0E3673-5903-4C07-AD46-AFE8F6308B23}.Release|Any CPU.ActiveCfg = Release|Any CPU
		{1E0E3673-5903-4C07-AD46-AFE8F6308B23}.Release|Any CPU.Build.0 = Release|Any CPU
		{90A46229-E1AB-470E-A3AE-E81F0A230A71}.Debug|Any CPU.ActiveCfg = Debug|Any CPU
		{90A46229-E1AB-470E-A3AE-E81F0A230A71}.Debug|Any CPU.Build.0 = Debug|Any CPU
		{90A46229-E1AB-470E-A3AE-E81F0A230A71}.Release|Any CPU.ActiveCfg = Release|Any CPU
		{90A46229-E1AB-470E-A3AE-E81F0A230A71}.Release|Any CPU.Build.0 = Release|Any CPU
	EndGlobalSection
	GlobalSection(SolutionProperties) = preSolution
		HideSolutionNode = FALSE
	EndGlobalSection
	GlobalSection(NestedProjects) = preSolution
		{1E0E3673-5903-4C07-AD46-AFE8F6308B23} = {FB07F076-AEA9-44F5-99B6-D86F925F2C32}
		{90A46229-E1AB-470E-A3AE-E81F0A230A71} = {03F22C67-E7DF-47DB-8F90-2369494F1855}
	EndGlobalSection
	GlobalSection(ExtensibilityGlobals) = postSolution
		SolutionGuid = {3F184133-8531-4FDB-9224-A80F8F90B516}
	EndGlobalSection
EndGlobal
